<Solution>
  <Project Path="ExamPortal.Api/ExamPortal.Api.csproj" />
  <Project Path="ExamPortal.Application/ExamPortal.Application.csproj" Id="9348e221-567f-4035-a9c1-d61fbd54e289" />
  <Project Path="ExamPortal.Domain/ExamPortal.Domain.csproj" Id="008ac733-01f9-4d8e-b0e6-be2a9b37f858" />
  <Project Path="ExamPortal.Infrastructure/ExamPortal.Infrastructure.csproj" Id="6754f466-ef37-4349-842c-443766ee6120" />
</Solution>
